
Microsoft Visual Studio Solution File, Format Version 12.00
# Visual Studio Version 16
VisualStudioVersion = 16.0.30225.117
MinimumVisualStudioVersion = 10.0.40219.1
Project("{9A19103F-16F7-4668-BE54-9A1E7A4F7556}") = "ContosoUniversity.Core", "ContosoUniversity.Core\ContosoUniversity.Core.csproj", "{A3C7A4B7-A8DE-4450-A825-3680F4C23A37}"
EndProject
Project("{9A19103F-16F7-4668-BE54-9A1E7A4F7556}") = "ContosoUniversity.Infrastructure", "ContosoUniversity.Infrastructure\ContosoUniversity.Infrastructure.csproj", "{60BF232A-F6DF-4F8D-988E-3AA4572AC5A8}"
EndProject
Project("{9A19103F-16F7-4668-BE54-9A1E7A4F7556}") = "ContosoUniversity.Api", "ContosoUniversity.Api\ContosoUniversity.Api.csproj", "{B020F7DE-EB75-4D91-8135-AE22C634CCCD}"
EndProject
Global
	GlobalSection(SolutionConfigurationPlatforms) = preSolution
		Debug|Any CPU = Debug|Any CPU
		Release|Any CPU = Release|Any CPU
	EndGlobalSection
	GlobalSection(ProjectConfigurationPlatforms) = postSolution
		{A3C7A4B7-A8DE-4450-A825-3680F4C23A37}.Debug|Any CPU.ActiveCfg = Debug|Any CPU
		{A3C7A4B7-A8DE-4450-A825-3680F4C23A37}.Debug|Any CPU.Build.0 = Debug|Any CPU
		{A3C7A4B7-A8DE-4450-A825-3680F4C23A37}.Release|Any CPU.ActiveCfg = Release|Any CPU
		{A3C7A4B7-A8DE-4450-A825-3680F4C23A37}.Release|Any CPU.Build.0 = Release|Any CPU
		{60BF232A-F6DF-4F8D-988E-3AA4572AC5A8}.Debug|Any CPU.ActiveCfg = Debug|Any CPU
		{60BF232A-F6DF-4F8D-988E-3AA4572AC5A8}.Debug|Any CPU.Build.0 = Debug|Any CPU
		{60BF232A-F6DF-4F8D-988E-3AA4572AC5A8}.Release|Any CPU.ActiveCfg = Release|Any CPU
		{60BF232A-F6DF-4F8D-988E-3AA4572AC5A8}.Release|Any CPU.Build.0 = Release|Any CPU
		{B020F7DE-EB75-4D91-8135-AE22C634CCCD}.Debug|Any CPU.ActiveCfg = Debug|Any CPU
		{B020F7DE-EB75-4D91-8135-AE22C634CCCD}.Debug|Any CPU.Build.0 = Debug|Any CPU
		{B020F7DE-EB75-4D91-8135-AE22C634CCCD}.Release|Any CPU.ActiveCfg = Release|Any CPU
		{B020F7DE-EB75-4D91-8135-AE22C634CCCD}.Release|Any CPU.Build.0 = Release|Any CPU
	EndGlobalSection
	GlobalSection(SolutionProperties) = preSolution
		HideSolutionNode = FALSE
	EndGlobalSection
	GlobalSection(ExtensibilityGlobals) = postSolution
		SolutionGuid = {36D91936-4646-4391-8AD0-2174EA886E4E}
	EndGlobalSection
EndGlobal
